
Microsoft Visual Studio Solution File, Format Version 12.00
# Visual Studio Version 16
VisualStudioVersion = 16.0.29418.71
MinimumVisualStudioVersion = 10.0.40219.1
Project("{FAE04EC0-301F-11D3-BF4B-00C04F79EFBC}") = "Calculator_2", "Calculator_2\Calculator_2.csproj", "{98F61C26-266F-4E6E-A8FB-906F2AA9506F}"
EndProject
Global
	GlobalSection(SolutionConfigurationPlatforms) = preSolution
		Debug|Any CPU = Debug|Any CPU
		Release|Any CPU = Release|Any CPU
	EndGlobalSection
	GlobalSection(ProjectConfigurationPlatforms) = postSolution
		{98F61C26-266F-4E6E-A8FB-906F2AA9506F}.Debug|Any CPU.ActiveCfg = Debug|Any CPU
		{98F61C26-266F-4E6E-A8FB-906F2AA9506F}.Debug|Any CPU.Build.0 = Debug|Any CPU
		{98F61C26-266F-4E6E-A8FB-906F2AA9506F}.Release|Any CPU.ActiveCfg = Release|Any CPU
		{98F61C26-266F-4E6E-A8FB-906F2AA9506F}.Release|Any CPU.Build.0 = Release|Any CPU
	EndGlobalSection
	GlobalSection(SolutionProperties) = preSolution
		HideSolutionNode = FALSE
	EndGlobalSection
	GlobalSection(ExtensibilityGlobals) = postSolution
		SolutionGuid = {0C779B12-4739-481C-BD19-412A11390893}
	EndGlobalSection
EndGlobal
